// !$*UTF8*$!
{
	archiveVersion = 1;
	classes = {
	};
	objectVersion = 63;
	objects = {

/* Begin PBXBuildFile section */
		0C890D262B3C03AE259F917F /* SDL3_ttf.xcframework in Frameworks */ = {isa = PBXBuildFile; fileRef = BF9DA8ED8B64298DCCB48EC9 /* SDL3_ttf.xcframework */; platformFilter = ios; };
		2C738622CAFC7EC7917D4530 /* Kivy_iOS_Module in Frameworks */ = {isa = PBXBuildFile; platformFilter = ios; productRef = 355310001CC8B12396E4C21F /* Kivy_iOS_Module */; };
		30DDD32BBB7ECA8A3D938347 /* SDL3_mixer.xcframework in Frameworks */ = {isa = PBXBuildFile; fileRef = 66AC3447347AE78BAD3F3048 /* SDL3_mixer.xcframework */; platformFilter = ios; };
		310F9FD8A6BF2DA36F1FD600 /* main.swift in Sources */ = {isa = PBXBuildFile; fileRef = A7960A7D46798A5CA1A897D0 /* main.swift */; platformFilters = (macos, ); };
		4179E00D4BB6148BD3AB0D1B /* libEGL.xcframework in Embed Frameworks */ = {isa = PBXBuildFile; fileRef = 8A5B56145C64B0DA7768D5FC /* libEGL.xcframework */; platformFilter = ios; settings = {ATTRIBUTES = (CodeSignOnCopy, RemoveHeadersOnCopy, ); }; };
		4BC1311CD15FF4E88642F100 /* SDL3_ttf.xcframework in Embed Frameworks */ = {isa = PBXBuildFile; fileRef = BF9DA8ED8B64298DCCB48EC9 /* SDL3_ttf.xcframework */; platformFilter = ios; settings = {ATTRIBUTES = (CodeSignOnCopy, RemoveHeadersOnCopy, ); }; };
		567C99189964AA766C609423 /* PySwiftKitBase in Frameworks */ = {isa = PBXBuildFile; productRef = 4C8CA15C77E0D780B37FC6B8 /* PySwiftKitBase */; };
		66DE5258F71A38C3450CC890 /* Images.xcassets in Resources */ = {isa = PBXBuildFile; fileRef = 30316EFB914E21B064299E5E /* Images.xcassets */; };
		6E32BA84BD793AB21B1C9AA4 /* SDL3_mixer.xcframework in Embed Frameworks */ = {isa = PBXBuildFile; fileRef = 66AC3447347AE78BAD3F3048 /* SDL3_mixer.xcframework */; platformFilter = ios; settings = {ATTRIBUTES = (CodeSignOnCopy, RemoveHeadersOnCopy, ); }; };
		74D978DAB1EA55C2504513F1 /* SDL3_image.xcframework in Embed Frameworks */ = {isa = PBXBuildFile; fileRef = B2FCB168A1C5BB9A64F7FE63 /* SDL3_image.xcframework */; platformFilter = ios; settings = {ATTRIBUTES = (CodeSignOnCopy, RemoveHeadersOnCopy, ); }; };
		7CD99EEFCD011309113429E3 /* SDL3_image.xcframework in Frameworks */ = {isa = PBXBuildFile; fileRef = B2FCB168A1C5BB9A64F7FE63 /* SDL3_image.xcframework */; platformFilter = ios; };
		887C02305B46E522CD2F5B51 /* Launch Screen.storyboard in Resources */ = {isa = PBXBuildFile; fileRef = 63F3779EADFBD3F36DCEEC02 /* Launch Screen.storyboard */; platformFilter = ios; };
		89B18890DB729EB15E4AA6C7 /* libGLESv2.xcframework in Frameworks */ = {isa = PBXBuildFile; fileRef = 7C8B3A624CB371D899252175 /* libGLESv2.xcframework */; platformFilter = ios; };
		8F003DAE177B47C3129674B0 /* Kivy3Launcher in Frameworks */ = {isa = PBXBuildFile; productRef = 98BCD93E31D68785AFD7B3B8 /* Kivy3Launcher */; };
		B08621FB817FC14409AE6B5B /* dylib-Info-template.plist in Resources */ = {isa = PBXBuildFile; fileRef = 735C27CA03BE3E8B972EDDDC /* dylib-Info-template.plist */; };
		B32E9317D5FBA7543820F45B /* SDL3.xcframework in Frameworks */ = {isa = PBXBuildFile; fileRef = 6D94F543B2BCED3CB3CE988B /* SDL3.xcframework */; platformFilter = ios; };
		B347EB947431C60B4557C65B /* libEGL.xcframework in Frameworks */ = {isa = PBXBuildFile; fileRef = 8A5B56145C64B0DA7768D5FC /* libEGL.xcframework */; platformFilter = ios; };
		C063E06C67CE199558B64A2D /* CPython in Frameworks */ = {isa = PBXBuildFile; productRef = 8C54B69F24A0FD6119C3D901 /* CPython */; };
		C212D285E22B2454A059B338 /* SDL3.xcframework in Embed Frameworks */ = {isa = PBXBuildFile; fileRef = 6D94F543B2BCED3CB3CE988B /* SDL3.xcframework */; platformFilter = ios; settings = {ATTRIBUTES = (CodeSignOnCopy, RemoveHeadersOnCopy, ); }; };
		C23A085552065544A4C3620E /* main.swift in Sources */ = {isa = PBXBuildFile; fileRef = 64E977D2D2228FAE9D7DF519 /* main.swift */; platformFilter = ios; };
		C7F266BF3396261DC9AB386B /* Kivy3Launcher in Frameworks */ = {isa = PBXBuildFile; productRef = D3A15159020B7D018EEDC445 /* Kivy3Launcher */; };
		D7600866D84721B3F30AA8B6 /* libGLESv2.xcframework in Embed Frameworks */ = {isa = PBXBuildFile; fileRef = 7C8B3A624CB371D899252175 /* libGLESv2.xcframework */; platformFilter = ios; settings = {ATTRIBUTES = (CodeSignOnCopy, RemoveHeadersOnCopy, ); }; };
		E6FDEABEB34905923AB99CD3 /* Kivy_iOS_Module in Frameworks */ = {isa = PBXBuildFile; platformFilter = ios; productRef = 485C35A7F0AD5920B1940632 /* Kivy_iOS_Module */; };
/* End PBXBuildFile section */

/* Begin PBXCopyFilesBuildPhase section */
		6A5BECDEA01065738AA8009F /* Embed Frameworks */ = {
			isa = PBXCopyFilesBuildPhase;
			buildActionMask = 2147483647;
			dstPath = "";
			dstSubfolderSpec = 10;
			files = (
				C212D285E22B2454A059B338 /* SDL3.xcframework in Embed Frameworks */,
				74D978DAB1EA55C2504513F1 /* SDL3_image.xcframework in Embed Frameworks */,
				6E32BA84BD793AB21B1C9AA4 /* SDL3_mixer.xcframework in Embed Frameworks */,
				4BC1311CD15FF4E88642F100 /* SDL3_ttf.xcframework in Embed Frameworks */,
				4179E00D4BB6148BD3AB0D1B /* libEGL.xcframework in Embed Frameworks */,
				D7600866D84721B3F30AA8B6 /* libGLESv2.xcframework in Embed Frameworks */,
			);
			name = "Embed Frameworks";
			runOnlyForDeploymentPostprocessing = 0;
		};
/* End PBXCopyFilesBuildPhase section */

/* Begin PBXFileReference section */
		30316EFB914E21B064299E5E /* Images.xcassets */ = {isa = PBXFileReference; lastKnownFileType = folder.assetcatalog; path = Images.xcassets; sourceTree = "<group>"; };
		63F3779EADFBD3F36DCEEC02 /* Launch Screen.storyboard */ = {isa = PBXFileReference; lastKnownFileType = file.storyboard; path = "Launch Screen.storyboard"; sourceTree = "<group>"; };
		64E977D2D2228FAE9D7DF519 /* main.swift */ = {isa = PBXFileReference; lastKnownFileType = sourcecode.swift; path = main.swift; sourceTree = "<group>"; };
		66AC3447347AE78BAD3F3048 /* SDL3_mixer.xcframework */ = {isa = PBXFileReference; lastKnownFileType = wrapper.xcframework; name = SDL3_mixer.xcframework; path = Support/SDL3_mixer.xcframework; sourceTree = "<group>"; };
		6D94F543B2BCED3CB3CE988B /* SDL3.xcframework */ = {isa = PBXFileReference; lastKnownFileType = wrapper.xcframework; name = SDL3.xcframework; path = Support/SDL3.xcframework; sourceTree = "<group>"; };
		735C27CA03BE3E8B972EDDDC /* dylib-Info-template.plist */ = {isa = PBXFileReference; lastKnownFileType = text.plist; path = "dylib-Info-template.plist"; sourceTree = "<group>"; };
		7C8B3A624CB371D899252175 /* libGLESv2.xcframework */ = {isa = PBXFileReference; lastKnownFileType = wrapper.xcframework; name = libGLESv2.xcframework; path = Support/libGLESv2.xcframework; sourceTree = "<group>"; };
		8A5B56145C64B0DA7768D5FC /* libEGL.xcframework */ = {isa = PBXFileReference; lastKnownFileType = wrapper.xcframework; name = libEGL.xcframework; path = Support/libEGL.xcframework; sourceTree = "<group>"; };
		A7960A7D46798A5CA1A897D0 /* main.swift */ = {isa = PBXFileReference; lastKnownFileType = sourcecode.swift; path = main.swift; sourceTree = "<group>"; };
		B2FCB168A1C5BB9A64F7FE63 /* SDL3_image.xcframework */ = {isa = PBXFileReference; lastKnownFileType = wrapper.xcframework; name = SDL3_image.xcframework; path = Support/SDL3_image.xcframework; sourceTree = "<group>"; };
		BF9DA8ED8B64298DCCB48EC9 /* SDL3_ttf.xcframework */ = {isa = PBXFileReference; lastKnownFileType = wrapper.xcframework; name = SDL3_ttf.xcframework; path = Support/SDL3_ttf.xcframework; sourceTree = "<group>"; };
		D2CCE1C744805F2E867F121C /* MyNewKivyApp.app */ = {isa = PBXFileReference; explicitFileType = wrapper.application; includeInIndex = 0; path = MyNewKivyApp.app; sourceTree = BUILT_PRODUCTS_DIR; };
/* End PBXFileReference section */

/* Begin PBXFrameworksBuildPhase section */
		A193D46EC87FF091DABFFB15 /* Frameworks */ = {
			isa = PBXFrameworksBuildPhase;
			buildActionMask = 2147483647;
			files = (
				567C99189964AA766C609423 /* PySwiftKitBase in Frameworks */,
				C063E06C67CE199558B64A2D /* CPython in Frameworks */,
				B32E9317D5FBA7543820F45B /* SDL3.xcframework in Frameworks */,
				7CD99EEFCD011309113429E3 /* SDL3_image.xcframework in Frameworks */,
				30DDD32BBB7ECA8A3D938347 /* SDL3_mixer.xcframework in Frameworks */,
				0C890D262B3C03AE259F917F /* SDL3_ttf.xcframework in Frameworks */,
				B347EB947431C60B4557C65B /* libEGL.xcframework in Frameworks */,
				89B18890DB729EB15E4AA6C7 /* libGLESv2.xcframework in Frameworks */,
				8F003DAE177B47C3129674B0 /* Kivy3Launcher in Frameworks */,
				E6FDEABEB34905923AB99CD3 /* Kivy_iOS_Module in Frameworks */,
				C7F266BF3396261DC9AB386B /* Kivy3Launcher in Frameworks */,
				2C738622CAFC7EC7917D4530 /* Kivy_iOS_Module in Frameworks */,
			);
			runOnlyForDeploymentPostprocessing = 0;
		};
/* End PBXFrameworksBuildPhase section */

/* Begin PBXGroup section */
		2DAAEC2B3A7A84E750205891 /* MacOS */ = {
			isa = PBXGroup;
			children = (
				A7960A7D46798A5CA1A897D0 /* main.swift */,
			);
			path = MacOS;
			sourceTree = "<group>";
		};
		4DEE5ECFD247894F0C3AF71A /* Products */ = {
			isa = PBXGroup;
			children = (
				D2CCE1C744805F2E867F121C /* MyNewKivyApp.app */,
			);
			name = Products;
			sourceTree = "<group>";
		};
		58F29C774DF0580AA727C9CF /* Frameworks */ = {
			isa = PBXGroup;
			children = (
				8A5B56145C64B0DA7768D5FC /* libEGL.xcframework */,
				7C8B3A624CB371D899252175 /* libGLESv2.xcframework */,
				B2FCB168A1C5BB9A64F7FE63 /* SDL3_image.xcframework */,
				66AC3447347AE78BAD3F3048 /* SDL3_mixer.xcframework */,
				BF9DA8ED8B64298DCCB48EC9 /* SDL3_ttf.xcframework */,
				6D94F543B2BCED3CB3CE988B /* SDL3.xcframework */,
			);
			name = Frameworks;
			sourceTree = "<group>";
		};
		88C2B1B6B77A87A54990D169 /* xcode */ = {
			isa = PBXGroup;
			children = (
			);
			name = xcode;
			sourceTree = "<group>";
		};
		A30C37C07E57F1D64FDEE839 /* Sources */ = {
			isa = PBXGroup;
			children = (
				FB4B003308AB53D44AC99EF7 /* IphoneOS */,
				2DAAEC2B3A7A84E750205891 /* MacOS */,
				E7E8BF2F99A87C0D3D850D0A /* Shared */,
			);
			path = Sources;
			sourceTree = "<group>";
		};
		ADACFA89650B6F7C36ADB064 = {
			isa = PBXGroup;
			children = (
				F1948535C06DFBC2F586F181 /* Resources */,
				A30C37C07E57F1D64FDEE839 /* Sources */,
				D043F9260DF059F8720A245A /* Support */,
				88C2B1B6B77A87A54990D169 /* xcode */,
				58F29C774DF0580AA727C9CF /* Frameworks */,
				4DEE5ECFD247894F0C3AF71A /* Products */,
			);
			sourceTree = "<group>";
		};
		D043F9260DF059F8720A245A /* Support */ = {
			isa = PBXGroup;
			children = (
				735C27CA03BE3E8B972EDDDC /* dylib-Info-template.plist */,
			);
			path = Support;
			sourceTree = "<group>";
		};
		E7E8BF2F99A87C0D3D850D0A /* Shared */ = {
			isa = PBXGroup;
			children = (
			);
			path = Shared;
			sourceTree = "<group>";
		};
		F1948535C06DFBC2F586F181 /* Resources */ = {
			isa = PBXGroup;
			children = (
				30316EFB914E21B064299E5E /* Images.xcassets */,
				63F3779EADFBD3F36DCEEC02 /* Launch Screen.storyboard */,
			);
			path = Resources;
			sourceTree = "<group>";
		};
		FB4B003308AB53D44AC99EF7 /* IphoneOS */ = {
			isa = PBXGroup;
			children = (
				64E977D2D2228FAE9D7DF519 /* main.swift */,
			);
			path = IphoneOS;
			sourceTree = "<group>";
		};
/* End PBXGroup section */

/* Begin PBXNativeTarget section */
		1F608C58D0D83E176F0161CD /* MyNewKivyApp */ = {
			isa = PBXNativeTarget;
			buildConfigurationList = 9F98357D7879BF1E8BF73441 /* Build configuration list for PBXNativeTarget "MyNewKivyApp" */;
			buildPhases = (
				0395CD2A78F987656E35F147 /* Sources */,
				EA59432BEF28ED3A4C218292 /* Resources */,
				A193D46EC87FF091DABFFB15 /* Frameworks */,
				6A5BECDEA01065738AA8009F /* Embed Frameworks */,
				CFBA99D27E455CB219B2F449 /* Install App Module */,
				67488B9A09A67F5092EF5F8C /* Install target specific Python modules */,
				A03614752D640D89CED960D0 /* Sign Python Binary Modules */,
			);
			buildRules = (
			);
			dependencies = (
			);
			name = MyNewKivyApp;
			packageProductDependencies = (
				4C8CA15C77E0D780B37FC6B8 /* PySwiftKitBase */,
				8C54B69F24A0FD6119C3D901 /* CPython */,
				98BCD93E31D68785AFD7B3B8 /* Kivy3Launcher */,
				485C35A7F0AD5920B1940632 /* Kivy_iOS_Module */,
				D3A15159020B7D018EEDC445 /* Kivy3Launcher */,
				355310001CC8B12396E4C21F /* Kivy_iOS_Module */,
			);
			productName = MyNewKivyApp;
			productReference = D2CCE1C744805F2E867F121C /* MyNewKivyApp.app */;
			productType = "com.apple.product-type.application";
		};
/* End PBXNativeTarget section */

/* Begin PBXProject section */
		C876236FE60146326D82041B /* Project object */ = {
			isa = PBXProject;
			attributes = {
				BuildIndependentTargetsInParallel = YES;
				LastUpgradeCheck = 1430;
			};
			buildConfigurationList = 0556F8E64BD2D3140FD29526 /* Build configuration list for PBXProject "MyNewKivyApp" */;
			compatibilityVersion = "Xcode 14.0";
			developmentRegion = en;
			hasScannedForEncodings = 0;
			knownRegions = (
				Base,
				en,
			);
			mainGroup = ADACFA89650B6F7C36ADB064;
			minimizedProjectReferenceProxies = 1;
			packageReferences = (
				C7EA138F1FD7952BBCDFA825 /* XCRemoteSwiftPackageReference "CPython" */,
				1BD37D54DD4E1C765443EEF7 /* XCRemoteSwiftPackageReference "KivyLauncher" */,
				62CB28425EE9131FEDAA0050 /* XCRemoteSwiftPackageReference "Kivy_iOS_Module" */,
				14A914DA9754E324E2D8D56D /* XCRemoteSwiftPackageReference "PySwiftKit" */,
			);
			projectDirPath = "";
			projectRoot = "";
			targets = (
				1F608C58D0D83E176F0161CD /* MyNewKivyApp */,
			);
		};
/* End PBXProject section */

/* Begin PBXResourcesBuildPhase section */
		EA59432BEF28ED3A4C218292 /* Resources */ = {
			isa = PBXResourcesBuildPhase;
			buildActionMask = 2147483647;
			files = (
				66DE5258F71A38C3450CC890 /* Images.xcassets in Resources */,
				887C02305B46E522CD2F5B51 /* Launch Screen.storyboard in Resources */,
				B08621FB817FC14409AE6B5B /* dylib-Info-template.plist in Resources */,
			);
			runOnlyForDeploymentPostprocessing = 0;
		};
/* End PBXResourcesBuildPhase section */

/* Begin PBXShellScriptBuildPhase section */
		67488B9A09A67F5092EF5F8C /* Install target specific Python modules */ = {
			isa = PBXShellScriptBuildPhase;
			buildActionMask = 2147483647;
			files = (
			);
			inputFileListPaths = (
			);
			inputPaths = (
			);
			name = "Install target specific Python modules";
			outputFileListPaths = (
			);
			outputPaths = (
			);
			runOnlyForDeploymentPostprocessing = 0;
			shellPath = /bin/sh;
			shellScript = "set -e\nif [ \"$EFFECTIVE_PLATFORM_NAME\" = \"-iphonesimulator\" ] || [ \"$EFFECTIVE_PLATFORM_NAME\" = \"-iphoneos\" ]; then\n    echo \"Installing Python modules for iOS Device/Simulator\"\n    mkdir -p \"$CODESIGNING_FOLDER_PATH/python/lib\"\n\tif [ \"$EFFECTIVE_PLATFORM_NAME\" = \"-iphonesimulator\" ]; then\n\t    echo \"Installing Python modules for iOS Simulator\"\n\t    rsync -au --delete \"$PROJECT_DIR/Support/ios-arm64_x86_64-simulator/lib/\" \"$CODESIGNING_FOLDER_PATH/python/lib/\" \n\t    rsync -au --delete \"$PROJECT_DIR/site_packages/iphonesimulator/\" \"$CODESIGNING_FOLDER_PATH/site_packages\" \n\telse\n\t    echo \"Installing Python modules for iOS Device\"\n\t    rsync -au --delete \"$PROJECT_DIR/Support/ios-arm64/lib/\" \"$CODESIGNING_FOLDER_PATH/python/lib\" \n\t    rsync -au --delete \"$PROJECT_DIR/site_packages/iphoneos/\" \"$CODESIGNING_FOLDER_PATH/site_packages\" \n\tfi\n\trsync -au --delete \"$PROJECT_DIR/app/\" \"$CODESIGNING_FOLDER_PATH/app\"\nelse\n    echo \"Installing Python modules for macOS\"\n    #mkdir -p \"$CODESIGNING_FOLDER_PATH/python/lib\"\n\trsync -au --delete \"$PROJECT_DIR/Support/macos-arm64_x86_64/lib/\" \"$BUILT_PRODUCTS_DIR/$UNLOCALIZED_RESOURCES_FOLDER_PATH/python/lib\"\n\t\n\tSITE_DST=\"$BUILT_PRODUCTS_DIR/$UNLOCALIZED_RESOURCES_FOLDER_PATH/site_packages\"\n\tmkdir -p $SITE_DST\n\tmkdir -p \"$BUILT_PRODUCTS_DIR/$UNLOCALIZED_RESOURCES_FOLDER_PATH/app\"\n\techo \"Installing Python modules for macOS Device\"\n\trsync -au --delete \"$PROJECT_DIR/site_packages/macos/\" $SITE_DST\n\trsync -au --delete \"$PROJECT_DIR/app/\" \"$BUILT_PRODUCTS_DIR/$UNLOCALIZED_RESOURCES_FOLDER_PATH/app\"\nfi\n";
		};
		A03614752D640D89CED960D0 /* Sign Python Binary Modules */ = {
			isa = PBXShellScriptBuildPhase;
			buildActionMask = 2147483647;
			files = (
			);
			inputFileListPaths = (
			);
			inputPaths = (
			);
			name = "Sign Python Binary Modules";
			outputFileListPaths = (
			);
			outputPaths = (
			);
			runOnlyForDeploymentPostprocessing = 0;
			shellPath = /bin/sh;
			shellScript = "set -e\nif [ \"$EFFECTIVE_PLATFORM_NAME\" = \"-iphonesimulator\" ] || [ \"$EFFECTIVE_PLATFORM_NAME\" = \"-iphoneos\" ]; then\n    echo \"Installing Python modules for iOS Device/Simulator\"\n    install_dylib () {\n\t    INSTALL_BASE=$1\n\t    FULL_EXT=$2\n\t\n\t    # The name of the extension file\n\t    EXT=$(basename \"$FULL_EXT\")\n\t    # The location of the extension file, relative to the bundle\n\t    RELATIVE_EXT=${FULL_EXT#$CODESIGNING_FOLDER_PATH/} \n\t    # The path to the extension file, relative to the install base\n\t    PYTHON_EXT=${RELATIVE_EXT/$INSTALL_BASE/}\n\t    # The full dotted name of the extension module, constructed from the file path.\n\t    FULL_MODULE_NAME=$(echo $PYTHON_EXT | cut -d \".\" -f 1 | tr \"/\" \".\"); \n\t    # A bundle identifier; not actually used, but required by Xcode framework packaging\n\t    FRAMEWORK_BUNDLE_ID=$(echo $PRODUCT_BUNDLE_IDENTIFIER.$FULL_MODULE_NAME | tr \"_\" \"-\")\n\t    # The name of the framework folder.\n\t    FRAMEWORK_FOLDER=\"Frameworks/$FULL_MODULE_NAME.framework\"\n\t\n\t    # If the framework folder doesn't exist, create it.\n\t    if [ ! -d \"$CODESIGNING_FOLDER_PATH/$FRAMEWORK_FOLDER\" ]; then\n\t        echo \"Creating framework for $RELATIVE_EXT\" \n\t        mkdir -p \"$CODESIGNING_FOLDER_PATH/$FRAMEWORK_FOLDER\"\n\t\n\t        cp \"$CODESIGNING_FOLDER_PATH/dylib-Info-template.plist\" \"$CODESIGNING_FOLDER_PATH/$FRAMEWORK_FOLDER/Info.plist\"\n\t        plutil -replace CFBundleExecutable -string \"$FULL_MODULE_NAME\" \"$CODESIGNING_FOLDER_PATH/$FRAMEWORK_FOLDER/Info.plist\"\n\t        plutil -replace CFBundleIdentifier -string \"$FRAMEWORK_BUNDLE_ID\" \"$CODESIGNING_FOLDER_PATH/$FRAMEWORK_FOLDER/Info.plist\"\n\t    fi\n\t    \n\t    echo \"Installing binary for $FRAMEWORK_FOLDER/$FULL_MODULE_NAME\" \n\t    mv \"$FULL_EXT\" \"$CODESIGNING_FOLDER_PATH/$FRAMEWORK_FOLDER/$FULL_MODULE_NAME\"\n\t    \n\t    # Create a placeholder .fwork file where the .so was\n\t    echo \"$FRAMEWORK_FOLDER/$FULL_MODULE_NAME\" > ${FULL_EXT%.so}.fwork\n\t    \n\t    # Create a back reference to the .so file location in the framework\n\t    echo \"${RELATIVE_EXT%.so}.fwork\" > \"$CODESIGNING_FOLDER_PATH/$FRAMEWORK_FOLDER/$FULL_MODULE_NAME.origin\"\n\t    \n\t    # Copy privacy manifest into framework if one exists alongside the .so\n\t    XCPRIVACY_FILE=\"$(dirname \"$FULL_EXT\")/$(echo $EXT | cut -d '.' -f 1).xcprivacy\"\n\t    if [ -f \"$XCPRIVACY_FILE\" ]; then\n\t    echo \"Copying privacy manifest for $FULL_MODULE_NAME\"\n\t    cp \"$XCPRIVACY_FILE\" \"$CODESIGNING_FOLDER_PATH/$FRAMEWORK_FOLDER/PrivacyInfo.xcprivacy\"\n\t    fi\n\t}\n\t\n\techo \"Install standard library extension modules...\"\n\tfind \"$CODESIGNING_FOLDER_PATH/python/lib/python3.13/lib-dynload\" -name \"*.so\" | while read FULL_EXT; do\n\t    install_dylib python/lib/python3.13/lib-dynload/ \"$FULL_EXT\"\n\tdone\n\techo \"Install app package extension modules...\"\n\tfind \"$CODESIGNING_FOLDER_PATH/site_packages\" -name \"*.so\" | while read FULL_EXT; do\n\t    install_dylib app_packages/ \"$FULL_EXT\"\n\tdone\n\techo \"Install app extension modules...\"\n\tfind \"$CODESIGNING_FOLDER_PATH/app\" -name \"*.so\" | while read FULL_EXT; do\n\t    install_dylib app/ \"$FULL_EXT\"\n\tdone\n\t\n\t# Clean up dylib template \n\trm -f \"$CODESIGNING_FOLDER_PATH/dylib-Info-template.plist\"\n\t\n\techo \"Signing frameworks as $EXPANDED_CODE_SIGN_IDENTITY_NAME ($EXPANDED_CODE_SIGN_IDENTITY)...\"\n\tfind \"$CODESIGNING_FOLDER_PATH/Frameworks\" -name \"*.framework\" -exec /usr/bin/codesign --force --sign \"$EXPANDED_CODE_SIGN_IDENTITY\" ${OTHER_CODE_SIGN_FLAGS:-} -o runtime --timestamp=none --preserve-metadata=identifier,entitlements,flags --generate-entitlement-der \"{}\" \\; \nelse\n    echo \"Installing Python modules for macOS\"\n    set -e\n\techo \"Signed as $EXPANDED_CODE_SIGN_IDENTITY_NAME ($EXPANDED_CODE_SIGN_IDENTITY)\"\n\t\n\tfind \"$BUILT_PRODUCTS_DIR/$UNLOCALIZED_RESOURCES_FOLDER_PATH/site_packages\" -name \"*.so\" -exec /usr/bin/codesign --force --sign \"$EXPANDED_CODE_SIGN_IDENTITY\" -o runtime --timestamp=none --preserve-metadata=identifier,entitlements,flags --generate-entitlement-der {} \\; \n\tfind \"$BUILT_PRODUCTS_DIR/$UNLOCALIZED_RESOURCES_FOLDER_PATH/app\" -name \"*.so\" -exec /usr/bin/codesign --force --sign \"$EXPANDED_CODE_SIGN_IDENTITY\" -o runtime --timestamp=none --preserve-metadata=identifier,entitlements,flags --generate-entitlement-der {} \\; \nfi";
		};
		CFBA99D27E455CB219B2F449 /* Install App Module */ = {
			isa = PBXShellScriptBuildPhase;
			buildActionMask = 2147483647;
			files = (
			);
			inputFileListPaths = (
			);
			inputPaths = (
			);
			name = "Install App Module";
			outputFileListPaths = (
			);
			outputPaths = (
			);
			runOnlyForDeploymentPostprocessing = 0;
			shellPath = /bin/sh;
			shellScript = "\nAPP_SRC=\"$PROJECT_DIR/../../\"\nPIP3=\"uv pip\"\nPIP_ARGS=\"--compile -U --no-deps\"\n\nif [ \"$EFFECTIVE_PLATFORM_NAME\" = \"-iphonesimulator\" ]; then\n    echo \"Installing App module for iOS Simulator\"\n    $PIP3 install $APP_SRC $PIP_ARGS -t \"$PROJECT_DIR/site_packages/iphonesimulator/\"\nelif [ \"$EFFECTIVE_PLATFORM_NAME\" = \"-iphoneos\" ]; then\n    echo \"Installing App module for iOS\"\n    $PIP3 install $APP_SRC $PIP_ARGS -t \"$PROJECT_DIR/site_packages/iphoneos/\" \nelse\n    echo \"Installing App module for macOS\"\n    $PIP3 install $APP_SRC $PIP_ARGS -t \"$PROJECT_DIR/site_packages/macos/\" \nfi\n";
		};
/* End PBXShellScriptBuildPhase section */

/* Begin PBXSourcesBuildPhase section */
		0395CD2A78F987656E35F147 /* Sources */ = {
			isa = PBXSourcesBuildPhase;
			buildActionMask = 2147483647;
			files = (
				C23A085552065544A4C3620E /* main.swift in Sources */,
				310F9FD8A6BF2DA36F1FD600 /* main.swift in Sources */,
			);
			runOnlyForDeploymentPostprocessing = 0;
		};
/* End PBXSourcesBuildPhase section */

/* Begin XCBuildConfiguration section */
		38B0E8FBDE77CE8D3DBCFB05 /* Release */ = {
			isa = XCBuildConfiguration;
			buildSettings = {
				ALWAYS_SEARCH_USER_PATHS = NO;
				CLANG_ANALYZER_NONNULL = YES;
				CLANG_ANALYZER_NUMBER_OBJECT_CONVERSION = YES_AGGRESSIVE;
				CLANG_CXX_LANGUAGE_STANDARD = "gnu++14";
				CLANG_CXX_LIBRARY = "libc++";
				CLANG_ENABLE_MODULES = YES;
				CLANG_ENABLE_OBJC_ARC = YES;
				CLANG_ENABLE_OBJC_WEAK = YES;
				CLANG_WARN_BLOCK_CAPTURE_AUTORELEASING = YES;
				CLANG_WARN_BOOL_CONVERSION = YES;
				CLANG_WARN_COMMA = YES;
				CLANG_WARN_CONSTANT_CONVERSION = YES;
				CLANG_WARN_DEPRECATED_OBJC_IMPLEMENTATIONS = YES;
				CLANG_WARN_DIRECT_OBJC_ISA_USAGE = YES_ERROR;
				CLANG_WARN_DOCUMENTATION_COMMENTS = YES;
				CLANG_WARN_EMPTY_BODY = YES;
				CLANG_WARN_ENUM_CONVERSION = YES;
				CLANG_WARN_INFINITE_RECURSION = YES;
				CLANG_WARN_INT_CONVERSION = YES;
				CLANG_WARN_NON_LITERAL_NULL_CONVERSION = YES;
				CLANG_WARN_OBJC_IMPLICIT_RETAIN_SELF = YES;
				CLANG_WARN_OBJC_LITERAL_CONVERSION = YES;
				CLANG_WARN_OBJC_ROOT_CLASS = YES_ERROR;
				CLANG_WARN_QUOTED_INCLUDE_IN_FRAMEWORK_HEADER = YES;
				CLANG_WARN_RANGE_LOOP_ANALYSIS = YES;
				CLANG_WARN_STRICT_PROTOTYPES = YES;
				CLANG_WARN_SUSPICIOUS_MOVE = YES;
				CLANG_WARN_UNGUARDED_AVAILABILITY = YES_AGGRESSIVE;
				CLANG_WARN_UNREACHABLE_CODE = YES;
				CLANG_WARN__DUPLICATE_METHOD_MATCH = YES;
				COPY_PHASE_STRIP = NO;
				DEBUG_INFORMATION_FORMAT = "dwarf-with-dsym";
				ENABLE_NS_ASSERTIONS = NO;
				ENABLE_STRICT_OBJC_MSGSEND = YES;
				GCC_C_LANGUAGE_STANDARD = gnu11;
				GCC_NO_COMMON_BLOCKS = YES;
				GCC_WARN_64_TO_32_BIT_CONVERSION = YES;
				GCC_WARN_ABOUT_RETURN_TYPE = YES_ERROR;
				GCC_WARN_UNDECLARED_SELECTOR = YES;
				GCC_WARN_UNINITIALIZED_AUTOS = YES_AGGRESSIVE;
				GCC_WARN_UNUSED_FUNCTION = YES;
				GCC_WARN_UNUSED_VARIABLE = YES;
				MTL_ENABLE_DEBUG_INFO = NO;
				MTL_FAST_MATH = YES;
				PRODUCT_NAME = "$(TARGET_NAME)";
				SDKROOT = auto;
				SWIFT_COMPILATION_MODE = wholemodule;
				SWIFT_OPTIMIZATION_LEVEL = "-O";
				SWIFT_VERSION = 5.0;
			};
			name = Release;
		};
		B9B52BD00B2677E73A9E8B90 /* Debug */ = {
			isa = XCBuildConfiguration;
			buildSettings = {
				ASSETCATALOG_COMPILER_APPICON_NAME = AppIcon;
				CODE_SIGN_ENTITLEMENTS = MyNewKivyApp.entitlements;
				CODE_SIGN_IDENTITY = "iPhone Developer";
				DEVELOPMENT_TEAM = U7AZRR7LN3;
				ENABLE_BITCODE = NO;
				FRAMEWORK_SEARCH_PATHS = (
					"$(inherited)",
					"\"Support\"",
				);
				INFOPLIST_FILE = Sources/Info.plist;
				LD_RUNPATH_SEARCH_PATHS = (
					"$(inherited)",
					"@executable_path/Frameworks",
				);
				LIBRARY_SEARCH_PATHS = "$(inherited)";
				PRODUCT_BUNDLE_IDENTIFIER = org.pyswift.MyNewKivyApp;
				SDKROOT = auto;
				SUPPORTED_PLATFORMS = "iphoneos iphonesimulator macosx";
				SUPPORTS_MACCATALYST = NO;
				SUPPORTS_MAC_DESIGNED_FOR_IPHONE_IPAD = NO;
				SUPPORTS_XR_DESIGNED_FOR_IPHONE_IPAD = YES;
				SWIFT_VERSION = 5.0;
				TARGETED_DEVICE_FAMILY = "1,2";
			};
			name = Debug;
		};
		D88B5644132437D22B57BBC0 /* Release */ = {
			isa = XCBuildConfiguration;
			buildSettings = {
				ASSETCATALOG_COMPILER_APPICON_NAME = AppIcon;
				CODE_SIGN_ENTITLEMENTS = MyNewKivyApp.entitlements;
				CODE_SIGN_IDENTITY = "iPhone Developer";
				DEVELOPMENT_TEAM = U7AZRR7LN3;
				ENABLE_BITCODE = NO;
				FRAMEWORK_SEARCH_PATHS = (
					"$(inherited)",
					"\"Support\"",
				);
				INFOPLIST_FILE = Sources/Info.plist;
				LD_RUNPATH_SEARCH_PATHS = (
					"$(inherited)",
					"@executable_path/Frameworks",
				);
				LIBRARY_SEARCH_PATHS = "$(inherited)";
				PRODUCT_BUNDLE_IDENTIFIER = org.pyswift.MyNewKivyApp;
				SDKROOT = auto;
				SUPPORTED_PLATFORMS = "iphoneos iphonesimulator macosx";
				SUPPORTS_MACCATALYST = NO;
				SUPPORTS_MAC_DESIGNED_FOR_IPHONE_IPAD = NO;
				SUPPORTS_XR_DESIGNED_FOR_IPHONE_IPAD = YES;
				SWIFT_VERSION = 5.0;
				TARGETED_DEVICE_FAMILY = "1,2";
			};
			name = Release;
		};
		F063590161BD4DA74AF5D5E6 /* Debug */ = {
			isa = XCBuildConfiguration;
			buildSettings = {
				ALWAYS_SEARCH_USER_PATHS = NO;
				CLANG_ANALYZER_NONNULL = YES;
				CLANG_ANALYZER_NUMBER_OBJECT_CONVERSION = YES_AGGRESSIVE;
				CLANG_CXX_LANGUAGE_STANDARD = "gnu++14";
				CLANG_CXX_LIBRARY = "libc++";
				CLANG_ENABLE_MODULES = YES;
				CLANG_ENABLE_OBJC_ARC = YES;
				CLANG_ENABLE_OBJC_WEAK = YES;
				CLANG_WARN_BLOCK_CAPTURE_AUTORELEASING = YES;
				CLANG_WARN_BOOL_CONVERSION = YES;
				CLANG_WARN_COMMA = YES;
				CLANG_WARN_CONSTANT_CONVERSION = YES;
				CLANG_WARN_DEPRECATED_OBJC_IMPLEMENTATIONS = YES;
				CLANG_WARN_DIRECT_OBJC_ISA_USAGE = YES_ERROR;
				CLANG_WARN_DOCUMENTATION_COMMENTS = YES;
				CLANG_WARN_EMPTY_BODY = YES;
				CLANG_WARN_ENUM_CONVERSION = YES;
				CLANG_WARN_INFINITE_RECURSION = YES;
				CLANG_WARN_INT_CONVERSION = YES;
				CLANG_WARN_NON_LITERAL_NULL_CONVERSION = YES;
				CLANG_WARN_OBJC_IMPLICIT_RETAIN_SELF = YES;
				CLANG_WARN_OBJC_LITERAL_CONVERSION = YES;
				CLANG_WARN_OBJC_ROOT_CLASS = YES_ERROR;
				CLANG_WARN_QUOTED_INCLUDE_IN_FRAMEWORK_HEADER = YES;
				CLANG_WARN_RANGE_LOOP_ANALYSIS = YES;
				CLANG_WARN_STRICT_PROTOTYPES = YES;
				CLANG_WARN_SUSPICIOUS_MOVE = YES;
				CLANG_WARN_UNGUARDED_AVAILABILITY = YES_AGGRESSIVE;
				CLANG_WARN_UNREACHABLE_CODE = YES;
				CLANG_WARN__DUPLICATE_METHOD_MATCH = YES;
				COPY_PHASE_STRIP = NO;
				DEBUG_INFORMATION_FORMAT = dwarf;
				ENABLE_STRICT_OBJC_MSGSEND = YES;
				ENABLE_TESTABILITY = YES;
				GCC_C_LANGUAGE_STANDARD = gnu11;
				GCC_DYNAMIC_NO_PIC = NO;
				GCC_NO_COMMON_BLOCKS = YES;
				GCC_OPTIMIZATION_LEVEL = 0;
				GCC_PREPROCESSOR_DEFINITIONS = (
					"$(inherited)",
					"DEBUG=1",
				);
				GCC_WARN_64_TO_32_BIT_CONVERSION = YES;
				GCC_WARN_ABOUT_RETURN_TYPE = YES_ERROR;
				GCC_WARN_UNDECLARED_SELECTOR = YES;
				GCC_WARN_UNINITIALIZED_AUTOS = YES_AGGRESSIVE;
				GCC_WARN_UNUSED_FUNCTION = YES;
				GCC_WARN_UNUSED_VARIABLE = YES;
				MTL_ENABLE_DEBUG_INFO = INCLUDE_SOURCE;
				MTL_FAST_MATH = YES;
				ONLY_ACTIVE_ARCH = YES;
				PRODUCT_NAME = "$(TARGET_NAME)";
				SDKROOT = auto;
				SWIFT_ACTIVE_COMPILATION_CONDITIONS = DEBUG;
				SWIFT_OPTIMIZATION_LEVEL = "-Onone";
				SWIFT_VERSION = 5.0;
			};
			name = Debug;
		};
/* End XCBuildConfiguration section */

/* Begin XCConfigurationList section */
		0556F8E64BD2D3140FD29526 /* Build configuration list for PBXProject "MyNewKivyApp" */ = {
			isa = XCConfigurationList;
			buildConfigurations = (
				F063590161BD4DA74AF5D5E6 /* Debug */,
				38B0E8FBDE77CE8D3DBCFB05 /* Release */,
			);
			defaultConfigurationIsVisible = 0;
			defaultConfigurationName = Debug;
		};
		9F98357D7879BF1E8BF73441 /* Build configuration list for PBXNativeTarget "MyNewKivyApp" */ = {
			isa = XCConfigurationList;
			buildConfigurations = (
				B9B52BD00B2677E73A9E8B90 /* Debug */,
				D88B5644132437D22B57BBC0 /* Release */,
			);
			defaultConfigurationIsVisible = 0;
			defaultConfigurationName = Debug;
		};
/* End XCConfigurationList section */

/* Begin XCRemoteSwiftPackageReference section */
		14A914DA9754E324E2D8D56D /* XCRemoteSwiftPackageReference "PySwiftKit" */ = {
			isa = XCRemoteSwiftPackageReference;
			repositoryURL = "https://github.com/py-swift/PySwiftKit";
			requirement = {
				kind = upToNextMajorVersion;
				minimumVersion = 313.0.0;
			};
		};
		1BD37D54DD4E1C765443EEF7 /* XCRemoteSwiftPackageReference "KivyLauncher" */ = {
			isa = XCRemoteSwiftPackageReference;
			repositoryURL = "https://github.com/kivy-school/KivyLauncher";
			requirement = {
				branch = master;
				kind = branch;
			};
		};
		62CB28425EE9131FEDAA0050 /* XCRemoteSwiftPackageReference "Kivy_iOS_Module" */ = {
			isa = XCRemoteSwiftPackageReference;
			repositoryURL = "https://github.com/kivy-school/Kivy_iOS_Module";
			requirement = {
				branch = master;
				kind = branch;
			};
		};
		C7EA138F1FD7952BBCDFA825 /* XCRemoteSwiftPackageReference "CPython" */ = {
			isa = XCRemoteSwiftPackageReference;
			repositoryURL = "https://github.com/py-swift/CPython";
			requirement = {
				kind = upToNextMajorVersion;
				minimumVersion = 313.0.0;
			};
		};
/* End XCRemoteSwiftPackageReference section */

/* Begin XCSwiftPackageProductDependency section */
		355310001CC8B12396E4C21F /* Kivy_iOS_Module */ = {
			isa = XCSwiftPackageProductDependency;
			package = 62CB28425EE9131FEDAA0050 /* XCRemoteSwiftPackageReference "Kivy_iOS_Module" */;
			productName = Kivy_iOS_Module;
		};
		485C35A7F0AD5920B1940632 /* Kivy_iOS_Module */ = {
			isa = XCSwiftPackageProductDependency;
			package = 62CB28425EE9131FEDAA0050 /* XCRemoteSwiftPackageReference "Kivy_iOS_Module" */;
			productName = Kivy_iOS_Module;
		};
		4C8CA15C77E0D780B37FC6B8 /* PySwiftKitBase */ = {
			isa = XCSwiftPackageProductDependency;
			package = 14A914DA9754E324E2D8D56D /* XCRemoteSwiftPackageReference "PySwiftKit" */;
			productName = PySwiftKitBase;
		};
		8C54B69F24A0FD6119C3D901 /* CPython */ = {
			isa = XCSwiftPackageProductDependency;
			package = C7EA138F1FD7952BBCDFA825 /* XCRemoteSwiftPackageReference "CPython" */;
			productName = CPython;
		};
		98BCD93E31D68785AFD7B3B8 /* Kivy3Launcher */ = {
			isa = XCSwiftPackageProductDependency;
			package = 1BD37D54DD4E1C765443EEF7 /* XCRemoteSwiftPackageReference "KivyLauncher" */;
			productName = Kivy3Launcher;
		};
		D3A15159020B7D018EEDC445 /* Kivy3Launcher */ = {
			isa = XCSwiftPackageProductDependency;
			package = 1BD37D54DD4E1C765443EEF7 /* XCRemoteSwiftPackageReference "KivyLauncher" */;
			productName = Kivy3Launcher;
		};
/* End XCSwiftPackageProductDependency section */
	};
	rootObject = C876236FE60146326D82041B /* Project object */;
}
